
Microsoft Visual Studio Solution File, Format Version 12.00
# Visual Studio 15
VisualStudioVersion = 15.0.27703.2042
MinimumVisualStudioVersion = 10.0.40219.1
Project("{FAE04EC0-301F-11D3-BF4B-00C04F79EFBC}") = "MyClassLibrary", "MyClassLibrary\MyClassLibrary.csproj", "{AF0FE6F4-B4D2-46D4-855F-B8DDF2B418D9}"
EndProject
Project("{FAE04EC0-301F-11D3-BF4B-00C04F79EFBC}") = "Mytesting", "Mytesting\Mytesting.csproj", "{A607AAE4-2B0B-4B7A-811B-1E8C4AB1BBBB}"
EndProject
Global
	GlobalSection(SolutionConfigurationPlatforms) = preSolution
		Debug|Any CPU = Debug|Any CPU
		Release|Any CPU = Release|Any CPU
	EndGlobalSection
	GlobalSection(ProjectConfigurationPlatforms) = postSolution
		{AF0FE6F4-B4D2-46D4-855F-B8DDF2B418D9}.Debug|Any CPU.ActiveCfg = Debug|Any CPU
		{AF0FE6F4-B4D2-46D4-855F-B8DDF2B418D9}.Debug|Any CPU.Build.0 = Debug|Any CPU
		{AF0FE6F4-B4D2-46D4-855F-B8DDF2B418D9}.Release|Any CPU.ActiveCfg = Release|Any CPU
		{AF0FE6F4-B4D2-46D4-855F-B8DDF2B418D9}.Release|Any CPU.Build.0 = Release|Any CPU
		{A607AAE4-2B0B-4B7A-811B-1E8C4AB1BBBB}.Debug|Any CPU.ActiveCfg = Debug|Any CPU
		{A607AAE4-2B0B-4B7A-811B-1E8C4AB1BBBB}.Debug|Any CPU.Build.0 = Debug|Any CPU
		{A607AAE4-2B0B-4B7A-811B-1E8C4AB1BBBB}.Release|Any CPU.ActiveCfg = Release|Any CPU
		{A607AAE4-2B0B-4B7A-811B-1E8C4AB1BBBB}.Release|Any CPU.Build.0 = Release|Any CPU
	EndGlobalSection
	GlobalSection(SolutionProperties) = preSolution
		HideSolutionNode = FALSE
	EndGlobalSection
	GlobalSection(ExtensibilityGlobals) = postSolution
		SolutionGuid = {F6DAC301-605C-408F-9D0F-BD19534E26BE}
	EndGlobalSection
EndGlobal
